
Microsoft Visual Studio Solution File, Format Version 12.00
# Visual Studio 15
Project("{FAE04EC0-301F-11D3-BF4B-00C04F79EFBC}") = "Assembly-CSharp", "Assembly-CSharp.csproj", "{7EC4AED8-5941-032F-BD9E-CE195E274D52}"
EndProject
Project("{FAE04EC0-301F-11D3-BF4B-00C04F79EFBC}") = "CFXRRuntime", "CFXRRuntime.csproj", "{73FC0C4E-7F68-7B28-CC64-1DBC184E5BE7}"
EndProject
Project("{FAE04EC0-301F-11D3-BF4B-00C04F79EFBC}") = "CFXRDemo", "CFXRDemo.csproj", "{F386F542-1F38-29A2-4542-F898009A94CB}"
EndProject
Project("{FAE04EC0-301F-11D3-BF4B-00C04F79EFBC}") = "KinoBloom.Runtime", "KinoBloom.Runtime.csproj", "{DE38E8A5-99EB-34A1-A9C7-EFDDE7FF3CF0}"
EndProject
Project("{FAE04EC0-301F-11D3-BF4B-00C04F79EFBC}") = "CFXR.WelcomeScreen", "CFXR.WelcomeScreen.csproj", "{52682328-C636-4B02-ED6D-C6B4EB7B6C3F}"
EndProject
Project("{FAE04EC0-301F-11D3-BF4B-00C04F79EFBC}") = "CFXREditor", "CFXREditor.csproj", "{F4FB4887-54BF-EC5F-BA56-E2A01C1001F0}"
EndProject
Project("{FAE04EC0-301F-11D3-BF4B-00C04F79EFBC}") = "ToonyColorsPro.Demo.Editor", "ToonyColorsPro.Demo.Editor.csproj", "{F05B6EE2-D8ED-65C2-5C33-2ACD7FA7C005}"
EndProject
Global
	GlobalSection(SolutionConfigurationPlatforms) = preSolution
		Debug|Any CPU = Debug|Any CPU
		Release|Any CPU = Release|Any CPU
	EndGlobalSection
	GlobalSection(ProjectConfigurationPlatforms) = postSolution
		{7EC4AED8-5941-032F-BD9E-CE195E274D52}.Debug|Any CPU.ActiveCfg = Debug|Any CPU
		{7EC4AED8-5941-032F-BD9E-CE195E274D52}.Debug|Any CPU.Build.0 = Debug|Any CPU
		{7EC4AED8-5941-032F-BD9E-CE195E274D52}.Release|Any CPU.ActiveCfg = Release|Any CPU
		{7EC4AED8-5941-032F-BD9E-CE195E274D52}.Release|Any CPU.Build.0 = Release|Any CPU
		{73FC0C4E-7F68-7B28-CC64-1DBC184E5BE7}.Debug|Any CPU.ActiveCfg = Debug|Any CPU
		{73FC0C4E-7F68-7B28-CC64-1DBC184E5BE7}.Debug|Any CPU.Build.0 = Debug|Any CPU
		{73FC0C4E-7F68-7B28-CC64-1DBC184E5BE7}.Release|Any CPU.ActiveCfg = Release|Any CPU
		{73FC0C4E-7F68-7B28-CC64-1DBC184E5BE7}.Release|Any CPU.Build.0 = Release|Any CPU
		{F386F542-1F38-29A2-4542-F898009A94CB}.Debug|Any CPU.ActiveCfg = Debug|Any CPU
		{F386F542-1F38-29A2-4542-F898009A94CB}.Debug|Any CPU.Build.0 = Debug|Any CPU
		{F386F542-1F38-29A2-4542-F898009A94CB}.Release|Any CPU.ActiveCfg = Release|Any CPU
		{F386F542-1F38-29A2-4542-F898009A94CB}.Release|Any CPU.Build.0 = Release|Any CPU
		{DE38E8A5-99EB-34A1-A9C7-EFDDE7FF3CF0}.Debug|Any CPU.ActiveCfg = Debug|Any CPU
		{DE38E8A5-99EB-34A1-A9C7-EFDDE7FF3CF0}.Debug|Any CPU.Build.0 = Debug|Any CPU
		{DE38E8A5-99EB-34A1-A9C7-EFDDE7FF3CF0}.Release|Any CPU.ActiveCfg = Release|Any CPU
		{DE38E8A5-99EB-34A1-A9C7-EFDDE7FF3CF0}.Release|Any CPU.Build.0 = Release|Any CPU
		{52682328-C636-4B02-ED6D-C6B4EB7B6C3F}.Debug|Any CPU.ActiveCfg = Debug|Any CPU
		{52682328-C636-4B02-ED6D-C6B4EB7B6C3F}.Debug|Any CPU.Build.0 = Debug|Any CPU
		{52682328-C636-4B02-ED6D-C6B4EB7B6C3F}.Release|Any CPU.ActiveCfg = Release|Any CPU
		{52682328-C636-4B02-ED6D-C6B4EB7B6C3F}.Release|Any CPU.Build.0 = Release|Any CPU
		{F4FB4887-54BF-EC5F-BA56-E2A01C1001F0}.Debug|Any CPU.ActiveCfg = Debug|Any CPU
		{F4FB4887-54BF-EC5F-BA56-E2A01C1001F0}.Debug|Any CPU.Build.0 = Debug|Any CPU
		{F4FB4887-54BF-EC5F-BA56-E2A01C1001F0}.Release|Any CPU.ActiveCfg = Release|Any CPU
		{F4FB4887-54BF-EC5F-BA56-E2A01C1001F0}.Release|Any CPU.Build.0 = Release|Any CPU
		{F05B6EE2-D8ED-65C2-5C33-2ACD7FA7C005}.Debug|Any CPU.ActiveCfg = Debug|Any CPU
		{F05B6EE2-D8ED-65C2-5C33-2ACD7FA7C005}.Debug|Any CPU.Build.0 = Debug|Any CPU
		{F05B6EE2-D8ED-65C2-5C33-2ACD7FA7C005}.Release|Any CPU.ActiveCfg = Release|Any CPU
		{F05B6EE2-D8ED-65C2-5C33-2ACD7FA7C005}.Release|Any CPU.Build.0 = Release|Any CPU
	EndGlobalSection
	GlobalSection(SolutionProperties) = preSolution
		HideSolutionNode = FALSE
	EndGlobalSection
EndGlobal
